
Microsoft Visual Studio Solution File, Format Version 12.00
# Visual Studio Version 17
Project("{2150E333-8FDC-42A3-9474-1A3956D46DE8}") = "CMakePredefinedTargets", "CMakePredefinedTargets", "{56E8425C-5DC3-3814-B754-C46E7736D734}"
EndProject
Project("{2150E333-8FDC-42A3-9474-1A3956D46DE8}") = "External", "External", "{695A8ED0-9541-38BD-AB71-06758124455F}"
EndProject
Project("{2150E333-8FDC-42A3-9474-1A3956D46DE8}") = "Internal", "Internal", "{88FC62A1-AB70-3BBB-8003-7FF660910145}"
EndProject
Project("{2150E333-8FDC-42A3-9474-1A3956D46DE8}") = "Utils", "Utils", "{6606EB03-7142-31FE-A413-FB9A9172A369}"
EndProject
Project("{8BC9CEB8-8B4A-11D0-8D11-00A0C91BC942}") = "ALL_BUILD", "ALL_BUILD.vcxproj", "{118B2B13-53DF-3BC8-81DA-AEDF8F28A7F6}"
	ProjectSection(ProjectDependencies) = postProject
		{F85567F8-1B38-3D7E-BB6C-69C34DF32B92} = {F85567F8-1B38-3D7E-BB6C-69C34DF32B92}
		{1FF3BB55-C68F-3A4F-B37A-530FCADB16B7} = {1FF3BB55-C68F-3A4F-B37A-530FCADB16B7}
		{FD2AFE66-F06C-363C-9F8A-97931FC027C3} = {FD2AFE66-F06C-363C-9F8A-97931FC027C3}
		{3ABD15CD-16B9-3A42-9F34-95C7377D782B} = {3ABD15CD-16B9-3A42-9F34-95C7377D782B}
		{6FF21518-3535-33BA-800E-B3257F5065D9} = {6FF21518-3535-33BA-800E-B3257F5065D9}
		{55440390-D98F-3D1E-9B46-BA6B289E881F} = {55440390-D98F-3D1E-9B46-BA6B289E881F}
		{32061227-BC25-3A25-BC94-FFDAF5BD194D} = {32061227-BC25-3A25-BC94-FFDAF5BD194D}
		{D90FAF24-9D42-3DBE-81CC-3D5BC2CADCDD} = {D90FAF24-9D42-3DBE-81CC-3D5BC2CADCDD}
		{280FB4B9-FFB0-3C12-B25C-2ADECE293E2D} = {280FB4B9-FFB0-3C12-B25C-2ADECE293E2D}
		{0B85C4C5-1E8C-378C-9599-25BA28AE07B7} = {0B85C4C5-1E8C-378C-9599-25BA28AE07B7}
		{429040B9-6E7D-3F95-877D-1947DD96C569} = {429040B9-6E7D-3F95-877D-1947DD96C569}
		{BE5C7956-3B94-3389-9B6F-74EB7EBBCFDD} = {BE5C7956-3B94-3389-9B6F-74EB7EBBCFDD}
		{54D2B5AD-1389-3DE4-B347-BA46F52A01ED} = {54D2B5AD-1389-3DE4-B347-BA46F52A01ED}
		{58D53405-6964-3844-B02D-A04DF115F979} = {58D53405-6964-3844-B02D-A04DF115F979}
		{D18610CD-5562-39AC-AAFB-35CA5C2180AE} = {D18610CD-5562-39AC-AAFB-35CA5C2180AE}
	EndProjectSection
EndProject
Project("{8BC9CEB8-8B4A-11D0-8D11-00A0C91BC942}") = "Game", "Game.vcxproj", "{F85567F8-1B38-3D7E-BB6C-69C34DF32B92}"
	ProjectSection(ProjectDependencies) = postProject
		{1FF3BB55-C68F-3A4F-B37A-530FCADB16B7} = {1FF3BB55-C68F-3A4F-B37A-530FCADB16B7}
		{FD2AFE66-F06C-363C-9F8A-97931FC027C3} = {FD2AFE66-F06C-363C-9F8A-97931FC027C3}
		{3ABD15CD-16B9-3A42-9F34-95C7377D782B} = {3ABD15CD-16B9-3A42-9F34-95C7377D782B}
		{6FF21518-3535-33BA-800E-B3257F5065D9} = {6FF21518-3535-33BA-800E-B3257F5065D9}
		{55440390-D98F-3D1E-9B46-BA6B289E881F} = {55440390-D98F-3D1E-9B46-BA6B289E881F}
		{32061227-BC25-3A25-BC94-FFDAF5BD194D} = {32061227-BC25-3A25-BC94-FFDAF5BD194D}
		{D90FAF24-9D42-3DBE-81CC-3D5BC2CADCDD} = {D90FAF24-9D42-3DBE-81CC-3D5BC2CADCDD}
		{280FB4B9-FFB0-3C12-B25C-2ADECE293E2D} = {280FB4B9-FFB0-3C12-B25C-2ADECE293E2D}
		{0B85C4C5-1E8C-378C-9599-25BA28AE07B7} = {0B85C4C5-1E8C-378C-9599-25BA28AE07B7}
		{429040B9-6E7D-3F95-877D-1947DD96C569} = {429040B9-6E7D-3F95-877D-1947DD96C569}
		{BE5C7956-3B94-3389-9B6F-74EB7EBBCFDD} = {BE5C7956-3B94-3389-9B6F-74EB7EBBCFDD}
		{54D2B5AD-1389-3DE4-B347-BA46F52A01ED} = {54D2B5AD-1389-3DE4-B347-BA46F52A01ED}
		{58D53405-6964-3844-B02D-A04DF115F979} = {58D53405-6964-3844-B02D-A04DF115F979}
		{D18610CD-5562-39AC-AAFB-35CA5C2180AE} = {D18610CD-5562-39AC-AAFB-35CA5C2180AE}
	EndProjectSection
EndProject
Project("{8BC9CEB8-8B4A-11D0-8D11-00A0C91BC942}") = "SYNC_RESOURCE-Game", "SYNC_RESOURCE-Game.vcxproj", "{1FF3BB55-C68F-3A4F-B37A-530FCADB16B7}"
	ProjectSection(ProjectDependencies) = postProject
		{FD2AFE66-F06C-363C-9F8A-97931FC027C3} = {FD2AFE66-F06C-363C-9F8A-97931FC027C3}
	EndProjectSection
EndProject
Project("{8BC9CEB8-8B4A-11D0-8D11-00A0C91BC942}") = "ZERO_CHECK", "ZERO_CHECK.vcxproj", "{FD2AFE66-F06C-363C-9F8A-97931FC027C3}"
	ProjectSection(ProjectDependencies) = postProject
	EndProjectSection
EndProject
Project("{8BC9CEB8-8B4A-11D0-8D11-00A0C91BC942}") = "cocos2d", "engine\cocos\core\cocos2d.vcxproj", "{3ABD15CD-16B9-3A42-9F34-95C7377D782B}"
	ProjectSection(ProjectDependencies) = postProject
		{FD2AFE66-F06C-363C-9F8A-97931FC027C3} = {FD2AFE66-F06C-363C-9F8A-97931FC027C3}
		{6FF21518-3535-33BA-800E-B3257F5065D9} = {6FF21518-3535-33BA-800E-B3257F5065D9}
		{55440390-D98F-3D1E-9B46-BA6B289E881F} = {55440390-D98F-3D1E-9B46-BA6B289E881F}
		{32061227-BC25-3A25-BC94-FFDAF5BD194D} = {32061227-BC25-3A25-BC94-FFDAF5BD194D}
		{D90FAF24-9D42-3DBE-81CC-3D5BC2CADCDD} = {D90FAF24-9D42-3DBE-81CC-3D5BC2CADCDD}
		{280FB4B9-FFB0-3C12-B25C-2ADECE293E2D} = {280FB4B9-FFB0-3C12-B25C-2ADECE293E2D}
		{0B85C4C5-1E8C-378C-9599-25BA28AE07B7} = {0B85C4C5-1E8C-378C-9599-25BA28AE07B7}
		{429040B9-6E7D-3F95-877D-1947DD96C569} = {429040B9-6E7D-3F95-877D-1947DD96C569}
		{BE5C7956-3B94-3389-9B6F-74EB7EBBCFDD} = {BE5C7956-3B94-3389-9B6F-74EB7EBBCFDD}
		{54D2B5AD-1389-3DE4-B347-BA46F52A01ED} = {54D2B5AD-1389-3DE4-B347-BA46F52A01ED}
		{58D53405-6964-3844-B02D-A04DF115F979} = {58D53405-6964-3844-B02D-A04DF115F979}
		{D18610CD-5562-39AC-AAFB-35CA5C2180AE} = {D18610CD-5562-39AC-AAFB-35CA5C2180AE}
	EndProjectSection
EndProject
Project("{8BC9CEB8-8B4A-11D0-8D11-00A0C91BC942}") = "ext_clipper", "engine\external\clipper\ext_clipper.vcxproj", "{6FF21518-3535-33BA-800E-B3257F5065D9}"
	ProjectSection(ProjectDependencies) = postProject
		{FD2AFE66-F06C-363C-9F8A-97931FC027C3} = {FD2AFE66-F06C-363C-9F8A-97931FC027C3}
	EndProjectSection
EndProject
Project("{8BC9CEB8-8B4A-11D0-8D11-00A0C91BC942}") = "ext_convertUTF", "engine\external\ConvertUTF\ext_convertUTF.vcxproj", "{55440390-D98F-3D1E-9B46-BA6B289E881F}"
	ProjectSection(ProjectDependencies) = postProject
		{FD2AFE66-F06C-363C-9F8A-97931FC027C3} = {FD2AFE66-F06C-363C-9F8A-97931FC027C3}
	EndProjectSection
EndProject
Project("{8BC9CEB8-8B4A-11D0-8D11-00A0C91BC942}") = "ext_edtaa3func", "engine\external\edtaa3func\ext_edtaa3func.vcxproj", "{32061227-BC25-3A25-BC94-FFDAF5BD194D}"
	ProjectSection(ProjectDependencies) = postProject
		{FD2AFE66-F06C-363C-9F8A-97931FC027C3} = {FD2AFE66-F06C-363C-9F8A-97931FC027C3}
	EndProjectSection
EndProject
Project("{8BC9CEB8-8B4A-11D0-8D11-00A0C91BC942}") = "ext_md5", "engine\external\md5\ext_md5.vcxproj", "{D90FAF24-9D42-3DBE-81CC-3D5BC2CADCDD}"
	ProjectSection(ProjectDependencies) = postProject
		{FD2AFE66-F06C-363C-9F8A-97931FC027C3} = {FD2AFE66-F06C-363C-9F8A-97931FC027C3}
	EndProjectSection
EndProject
Project("{8BC9CEB8-8B4A-11D0-8D11-00A0C91BC942}") = "ext_poly2tri", "engine\external\poly2tri\ext_poly2tri.vcxproj", "{280FB4B9-FFB0-3C12-B25C-2ADECE293E2D}"
	ProjectSection(ProjectDependencies) = postProject
		{FD2AFE66-F06C-363C-9F8A-97931FC027C3} = {FD2AFE66-F06C-363C-9F8A-97931FC027C3}
	EndProjectSection
EndProject
Project("{8BC9CEB8-8B4A-11D0-8D11-00A0C91BC942}") = "ext_recast", "engine\external\recast\ext_recast.vcxproj", "{0B85C4C5-1E8C-378C-9599-25BA28AE07B7}"
	ProjectSection(ProjectDependencies) = postProject
		{FD2AFE66-F06C-363C-9F8A-97931FC027C3} = {FD2AFE66-F06C-363C-9F8A-97931FC027C3}
	EndProjectSection
EndProject
Project("{8BC9CEB8-8B4A-11D0-8D11-00A0C91BC942}") = "ext_tinyxml2", "engine\external\tinyxml2\ext_tinyxml2.vcxproj", "{429040B9-6E7D-3F95-877D-1947DD96C569}"
	ProjectSection(ProjectDependencies) = postProject
		{FD2AFE66-F06C-363C-9F8A-97931FC027C3} = {FD2AFE66-F06C-363C-9F8A-97931FC027C3}
	EndProjectSection
EndProject
Project("{8BC9CEB8-8B4A-11D0-8D11-00A0C91BC942}") = "ext_unzip", "engine\external\unzip\ext_unzip.vcxproj", "{BE5C7956-3B94-3389-9B6F-74EB7EBBCFDD}"
	ProjectSection(ProjectDependencies) = postProject
		{FD2AFE66-F06C-363C-9F8A-97931FC027C3} = {FD2AFE66-F06C-363C-9F8A-97931FC027C3}
	EndProjectSection
EndProject
Project("{8BC9CEB8-8B4A-11D0-8D11-00A0C91BC942}") = "ext_xxhash", "engine\external\xxhash\ext_xxhash.vcxproj", "{54D2B5AD-1389-3DE4-B347-BA46F52A01ED}"
	ProjectSection(ProjectDependencies) = postProject
		{FD2AFE66-F06C-363C-9F8A-97931FC027C3} = {FD2AFE66-F06C-363C-9F8A-97931FC027C3}
	EndProjectSection
EndProject
Project("{8BC9CEB8-8B4A-11D0-8D11-00A0C91BC942}") = "ext_xxtea", "engine\external\xxtea\ext_xxtea.vcxproj", "{58D53405-6964-3844-B02D-A04DF115F979}"
	ProjectSection(ProjectDependencies) = postProject
		{FD2AFE66-F06C-363C-9F8A-97931FC027C3} = {FD2AFE66-F06C-363C-9F8A-97931FC027C3}
	EndProjectSection
EndProject
Project("{8BC9CEB8-8B4A-11D0-8D11-00A0C91BC942}") = "external", "engine\external\external.vcxproj", "{D18610CD-5562-39AC-AAFB-35CA5C2180AE}"
	ProjectSection(ProjectDependencies) = postProject
		{FD2AFE66-F06C-363C-9F8A-97931FC027C3} = {FD2AFE66-F06C-363C-9F8A-97931FC027C3}
		{6FF21518-3535-33BA-800E-B3257F5065D9} = {6FF21518-3535-33BA-800E-B3257F5065D9}
		{55440390-D98F-3D1E-9B46-BA6B289E881F} = {55440390-D98F-3D1E-9B46-BA6B289E881F}
		{32061227-BC25-3A25-BC94-FFDAF5BD194D} = {32061227-BC25-3A25-BC94-FFDAF5BD194D}
		{D90FAF24-9D42-3DBE-81CC-3D5BC2CADCDD} = {D90FAF24-9D42-3DBE-81CC-3D5BC2CADCDD}
		{280FB4B9-FFB0-3C12-B25C-2ADECE293E2D} = {280FB4B9-FFB0-3C12-B25C-2ADECE293E2D}
		{0B85C4C5-1E8C-378C-9599-25BA28AE07B7} = {0B85C4C5-1E8C-378C-9599-25BA28AE07B7}
		{429040B9-6E7D-3F95-877D-1947DD96C569} = {429040B9-6E7D-3F95-877D-1947DD96C569}
		{BE5C7956-3B94-3389-9B6F-74EB7EBBCFDD} = {BE5C7956-3B94-3389-9B6F-74EB7EBBCFDD}
		{54D2B5AD-1389-3DE4-B347-BA46F52A01ED} = {54D2B5AD-1389-3DE4-B347-BA46F52A01ED}
		{58D53405-6964-3844-B02D-A04DF115F979} = {58D53405-6964-3844-B02D-A04DF115F979}
	EndProjectSection
EndProject
Global
	GlobalSection(SolutionConfigurationPlatforms) = preSolution
		Debug|Win32 = Debug|Win32
		Release|Win32 = Release|Win32
		MinSizeRel|Win32 = MinSizeRel|Win32
		RelWithDebInfo|Win32 = RelWithDebInfo|Win32
	EndGlobalSection
	GlobalSection(ProjectConfigurationPlatforms) = postSolution
		{118B2B13-53DF-3BC8-81DA-AEDF8F28A7F6}.Debug|Win32.ActiveCfg = Debug|Win32
		{118B2B13-53DF-3BC8-81DA-AEDF8F28A7F6}.Release|Win32.ActiveCfg = Release|Win32
		{118B2B13-53DF-3BC8-81DA-AEDF8F28A7F6}.MinSizeRel|Win32.ActiveCfg = MinSizeRel|Win32
		{118B2B13-53DF-3BC8-81DA-AEDF8F28A7F6}.RelWithDebInfo|Win32.ActiveCfg = RelWithDebInfo|Win32
		{F85567F8-1B38-3D7E-BB6C-69C34DF32B92}.Debug|Win32.ActiveCfg = Debug|Win32
		{F85567F8-1B38-3D7E-BB6C-69C34DF32B92}.Debug|Win32.Build.0 = Debug|Win32
		{F85567F8-1B38-3D7E-BB6C-69C34DF32B92}.Release|Win32.ActiveCfg = Release|Win32
		{F85567F8-1B38-3D7E-BB6C-69C34DF32B92}.Release|Win32.Build.0 = Release|Win32
		{F85567F8-1B38-3D7E-BB6C-69C34DF32B92}.MinSizeRel|Win32.ActiveCfg = MinSizeRel|Win32
		{F85567F8-1B38-3D7E-BB6C-69C34DF32B92}.MinSizeRel|Win32.Build.0 = MinSizeRel|Win32
		{F85567F8-1B38-3D7E-BB6C-69C34DF32B92}.RelWithDebInfo|Win32.ActiveCfg = RelWithDebInfo|Win32
		{F85567F8-1B38-3D7E-BB6C-69C34DF32B92}.RelWithDebInfo|Win32.Build.0 = RelWithDebInfo|Win32
		{1FF3BB55-C68F-3A4F-B37A-530FCADB16B7}.Debug|Win32.ActiveCfg = Debug|Win32
		{1FF3BB55-C68F-3A4F-B37A-530FCADB16B7}.Debug|Win32.Build.0 = Debug|Win32
		{1FF3BB55-C68F-3A4F-B37A-530FCADB16B7}.Release|Win32.ActiveCfg = Release|Win32
		{1FF3BB55-C68F-3A4F-B37A-530FCADB16B7}.Release|Win32.Build.0 = Release|Win32
		{1FF3BB55-C68F-3A4F-B37A-530FCADB16B7}.MinSizeRel|Win32.ActiveCfg = MinSizeRel|Win32
		{1FF3BB55-C68F-3A4F-B37A-530FCADB16B7}.MinSizeRel|Win32.Build.0 = MinSizeRel|Win32
		{1FF3BB55-C68F-3A4F-B37A-530FCADB16B7}.RelWithDebInfo|Win32.ActiveCfg = RelWithDebInfo|Win32
		{1FF3BB55-C68F-3A4F-B37A-530FCADB16B7}.RelWithDebInfo|Win32.Build.0 = RelWithDebInfo|Win32
		{FD2AFE66-F06C-363C-9F8A-97931FC027C3}.Debug|Win32.ActiveCfg = Debug|Win32
		{FD2AFE66-F06C-363C-9F8A-97931FC027C3}.Debug|Win32.Build.0 = Debug|Win32
		{FD2AFE66-F06C-363C-9F8A-97931FC027C3}.Release|Win32.ActiveCfg = Release|Win32
		{FD2AFE66-F06C-363C-9F8A-97931FC027C3}.Release|Win32.Build.0 = Release|Win32
		{FD2AFE66-F06C-363C-9F8A-97931FC027C3}.MinSizeRel|Win32.ActiveCfg = MinSizeRel|Win32
		{FD2AFE66-F06C-363C-9F8A-97931FC027C3}.MinSizeRel|Win32.Build.0 = MinSizeRel|Win32
		{FD2AFE66-F06C-363C-9F8A-97931FC027C3}.RelWithDebInfo|Win32.ActiveCfg = RelWithDebInfo|Win32
		{FD2AFE66-F06C-363C-9F8A-97931FC027C3}.RelWithDebInfo|Win32.Build.0 = RelWithDebInfo|Win32
		{3ABD15CD-16B9-3A42-9F34-95C7377D782B}.Debug|Win32.ActiveCfg = Debug|Win32
		{3ABD15CD-16B9-3A42-9F34-95C7377D782B}.Debug|Win32.Build.0 = Debug|Win32
		{3ABD15CD-16B9-3A42-9F34-95C7377D782B}.Release|Win32.ActiveCfg = Release|Win32
		{3ABD15CD-16B9-3A42-9F34-95C7377D782B}.Release|Win32.Build.0 = Release|Win32
		{3ABD15CD-16B9-3A42-9F34-95C7377D782B}.MinSizeRel|Win32.ActiveCfg = MinSizeRel|Win32
		{3ABD15CD-16B9-3A42-9F34-95C7377D782B}.MinSizeRel|Win32.Build.0 = MinSizeRel|Win32
		{3ABD15CD-16B9-3A42-9F34-95C7377D782B}.RelWithDebInfo|Win32.ActiveCfg = RelWithDebInfo|Win32
		{3ABD15CD-16B9-3A42-9F34-95C7377D782B}.RelWithDebInfo|Win32.Build.0 = RelWithDebInfo|Win32
		{6FF21518-3535-33BA-800E-B3257F5065D9}.Debug|Win32.ActiveCfg = Debug|Win32
		{6FF21518-3535-33BA-800E-B3257F5065D9}.Debug|Win32.Build.0 = Debug|Win32
		{6FF21518-3535-33BA-800E-B3257F5065D9}.Release|Win32.ActiveCfg = Release|Win32
		{6FF21518-3535-33BA-800E-B3257F5065D9}.Release|Win32.Build.0 = Release|Win32
		{6FF21518-3535-33BA-800E-B3257F5065D9}.MinSizeRel|Win32.ActiveCfg = MinSizeRel|Win32
		{6FF21518-3535-33BA-800E-B3257F5065D9}.MinSizeRel|Win32.Build.0 = MinSizeRel|Win32
		{6FF21518-3535-33BA-800E-B3257F5065D9}.RelWithDebInfo|Win32.ActiveCfg = RelWithDebInfo|Win32
		{6FF21518-3535-33BA-800E-B3257F5065D9}.RelWithDebInfo|Win32.Build.0 = RelWithDebInfo|Win32
		{55440390-D98F-3D1E-9B46-BA6B289E881F}.Debug|Win32.ActiveCfg = Debug|Win32
		{55440390-D98F-3D1E-9B46-BA6B289E881F}.Debug|Win32.Build.0 = Debug|Win32
		{55440390-D98F-3D1E-9B46-BA6B289E881F}.Release|Win32.ActiveCfg = Release|Win32
		{55440390-D98F-3D1E-9B46-BA6B289E881F}.Release|Win32.Build.0 = Release|Win32
		{55440390-D98F-3D1E-9B46-BA6B289E881F}.MinSizeRel|Win32.ActiveCfg = MinSizeRel|Win32
		{55440390-D98F-3D1E-9B46-BA6B289E881F}.MinSizeRel|Win32.Build.0 = MinSizeRel|Win32
		{55440390-D98F-3D1E-9B46-BA6B289E881F}.RelWithDebInfo|Win32.ActiveCfg = RelWithDebInfo|Win32
		{55440390-D98F-3D1E-9B46-BA6B289E881F}.RelWithDebInfo|Win32.Build.0 = RelWithDebInfo|Win32
		{32061227-BC25-3A25-BC94-FFDAF5BD194D}.Debug|Win32.ActiveCfg = Debug|Win32
		{32061227-BC25-3A25-BC94-FFDAF5BD194D}.Debug|Win32.Build.0 = Debug|Win32
		{32061227-BC25-3A25-BC94-FFDAF5BD194D}.Release|Win32.ActiveCfg = Release|Win32
		{32061227-BC25-3A25-BC94-FFDAF5BD194D}.Release|Win32.Build.0 = Release|Win32
		{32061227-BC25-3A25-BC94-FFDAF5BD194D}.MinSizeRel|Win32.ActiveCfg = MinSizeRel|Win32
		{32061227-BC25-3A25-BC94-FFDAF5BD194D}.MinSizeRel|Win32.Build.0 = MinSizeRel|Win32
		{32061227-BC25-3A25-BC94-FFDAF5BD194D}.RelWithDebInfo|Win32.ActiveCfg = RelWithDebInfo|Win32
		{32061227-BC25-3A25-BC94-FFDAF5BD194D}.RelWithDebInfo|Win32.Build.0 = RelWithDebInfo|Win32
		{D90FAF24-9D42-3DBE-81CC-3D5BC2CADCDD}.Debug|Win32.ActiveCfg = Debug|Win32
		{D90FAF24-9D42-3DBE-81CC-3D5BC2CADCDD}.Debug|Win32.Build.0 = Debug|Win32
		{D90FAF24-9D42-3DBE-81CC-3D5BC2CADCDD}.Release|Win32.ActiveCfg = Release|Win32
		{D90FAF24-9D42-3DBE-81CC-3D5BC2CADCDD}.Release|Win32.Build.0 = Release|Win32
		{D90FAF24-9D42-3DBE-81CC-3D5BC2CADCDD}.MinSizeRel|Win32.ActiveCfg = MinSizeRel|Win32
		{D90FAF24-9D42-3DBE-81CC-3D5BC2CADCDD}.MinSizeRel|Win32.Build.0 = MinSizeRel|Win32
		{D90FAF24-9D42-3DBE-81CC-3D5BC2CADCDD}.RelWithDebInfo|Win32.ActiveCfg = RelWithDebInfo|Win32
		{D90FAF24-9D42-3DBE-81CC-3D5BC2CADCDD}.RelWithDebInfo|Win32.Build.0 = RelWithDebInfo|Win32
		{280FB4B9-FFB0-3C12-B25C-2ADECE293E2D}.Debug|Win32.ActiveCfg = Debug|Win32
		{280FB4B9-FFB0-3C12-B25C-2ADECE293E2D}.Debug|Win32.Build.0 = Debug|Win32
		{280FB4B9-FFB0-3C12-B25C-2ADECE293E2D}.Release|Win32.ActiveCfg = Release|Win32
		{280FB4B9-FFB0-3C12-B25C-2ADECE293E2D}.Release|Win32.Build.0 = Release|Win32
		{280FB4B9-FFB0-3C12-B25C-2ADECE293E2D}.MinSizeRel|Win32.ActiveCfg = MinSizeRel|Win32
		{280FB4B9-FFB0-3C12-B25C-2ADECE293E2D}.MinSizeRel|Win32.Build.0 = MinSizeRel|Win32
		{280FB4B9-FFB0-3C12-B25C-2ADECE293E2D}.RelWithDebInfo|Win32.ActiveCfg = RelWithDebInfo|Win32
		{280FB4B9-FFB0-3C12-B25C-2ADECE293E2D}.RelWithDebInfo|Win32.Build.0 = RelWithDebInfo|Win32
		{0B85C4C5-1E8C-378C-9599-25BA28AE07B7}.Debug|Win32.ActiveCfg = Debug|Win32
		{0B85C4C5-1E8C-378C-9599-25BA28AE07B7}.Debug|Win32.Build.0 = Debug|Win32
		{0B85C4C5-1E8C-378C-9599-25BA28AE07B7}.Release|Win32.ActiveCfg = Release|Win32
		{0B85C4C5-1E8C-378C-9599-25BA28AE07B7}.Release|Win32.Build.0 = Release|Win32
		{0B85C4C5-1E8C-378C-9599-25BA28AE07B7}.MinSizeRel|Win32.ActiveCfg = MinSizeRel|Win32
		{0B85C4C5-1E8C-378C-9599-25BA28AE07B7}.MinSizeRel|Win32.Build.0 = MinSizeRel|Win32
		{0B85C4C5-1E8C-378C-9599-25BA28AE07B7}.RelWithDebInfo|Win32.ActiveCfg = RelWithDebInfo|Win32
		{0B85C4C5-1E8C-378C-9599-25BA28AE07B7}.RelWithDebInfo|Win32.Build.0 = RelWithDebInfo|Win32
		{429040B9-6E7D-3F95-877D-1947DD96C569}.Debug|Win32.ActiveCfg = Debug|Win32
		{429040B9-6E7D-3F95-877D-1947DD96C569}.Debug|Win32.Build.0 = Debug|Win32
		{429040B9-6E7D-3F95-877D-1947DD96C569}.Release|Win32.ActiveCfg = Release|Win32
		{429040B9-6E7D-3F95-877D-1947DD96C569}.Release|Win32.Build.0 = Release|Win32
		{429040B9-6E7D-3F95-877D-1947DD96C569}.MinSizeRel|Win32.ActiveCfg = MinSizeRel|Win32
		{429040B9-6E7D-3F95-877D-1947DD96C569}.MinSizeRel|Win32.Build.0 = MinSizeRel|Win32
		{429040B9-6E7D-3F95-877D-1947DD96C569}.RelWithDebInfo|Win32.ActiveCfg = RelWithDebInfo|Win32
		{429040B9-6E7D-3F95-877D-1947DD96C569}.RelWithDebInfo|Win32.Build.0 = RelWithDebInfo|Win32
		{BE5C7956-3B94-3389-9B6F-74EB7EBBCFDD}.Debug|Win32.ActiveCfg = Debug|Win32
		{BE5C7956-3B94-3389-9B6F-74EB7EBBCFDD}.Debug|Win32.Build.0 = Debug|Win32
		{BE5C7956-3B94-3389-9B6F-74EB7EBBCFDD}.Release|Win32.ActiveCfg = Release|Win32
		{BE5C7956-3B94-3389-9B6F-74EB7EBBCFDD}.Release|Win32.Build.0 = Release|Win32
		{BE5C7956-3B94-3389-9B6F-74EB7EBBCFDD}.MinSizeRel|Win32.ActiveCfg = MinSizeRel|Win32
		{BE5C7956-3B94-3389-9B6F-74EB7EBBCFDD}.MinSizeRel|Win32.Build.0 = MinSizeRel|Win32
		{BE5C7956-3B94-3389-9B6F-74EB7EBBCFDD}.RelWithDebInfo|Win32.ActiveCfg = RelWithDebInfo|Win32
		{BE5C7956-3B94-3389-9B6F-74EB7EBBCFDD}.RelWithDebInfo|Win32.Build.0 = RelWithDebInfo|Win32
		{54D2B5AD-1389-3DE4-B347-BA46F52A01ED}.Debug|Win32.ActiveCfg = Debug|Win32
		{54D2B5AD-1389-3DE4-B347-BA46F52A01ED}.Debug|Win32.Build.0 = Debug|Win32
		{54D2B5AD-1389-3DE4-B347-BA46F52A01ED}.Release|Win32.ActiveCfg = Release|Win32
		{54D2B5AD-1389-3DE4-B347-BA46F52A01ED}.Release|Win32.Build.0 = Release|Win32
		{54D2B5AD-1389-3DE4-B347-BA46F52A01ED}.MinSizeRel|Win32.ActiveCfg = MinSizeRel|Win32
		{54D2B5AD-1389-3DE4-B347-BA46F52A01ED}.MinSizeRel|Win32.Build.0 = MinSizeRel|Win32
		{54D2B5AD-1389-3DE4-B347-BA46F52A01ED}.RelWithDebInfo|Win32.ActiveCfg = RelWithDebInfo|Win32
		{54D2B5AD-1389-3DE4-B347-BA46F52A01ED}.RelWithDebInfo|Win32.Build.0 = RelWithDebInfo|Win32
		{58D53405-6964-3844-B02D-A04DF115F979}.Debug|Win32.ActiveCfg = Debug|Win32
		{58D53405-6964-3844-B02D-A04DF115F979}.Debug|Win32.Build.0 = Debug|Win32
		{58D53405-6964-3844-B02D-A04DF115F979}.Release|Win32.ActiveCfg = Release|Win32
		{58D53405-6964-3844-B02D-A04DF115F979}.Release|Win32.Build.0 = Release|Win32
		{58D53405-6964-3844-B02D-A04DF115F979}.MinSizeRel|Win32.ActiveCfg = MinSizeRel|Win32
		{58D53405-6964-3844-B02D-A04DF115F979}.MinSizeRel|Win32.Build.0 = MinSizeRel|Win32
		{58D53405-6964-3844-B02D-A04DF115F979}.RelWithDebInfo|Win32.ActiveCfg = RelWithDebInfo|Win32
		{58D53405-6964-3844-B02D-A04DF115F979}.RelWithDebInfo|Win32.Build.0 = RelWithDebInfo|Win32
		{D18610CD-5562-39AC-AAFB-35CA5C2180AE}.Debug|Win32.ActiveCfg = Debug|Win32
		{D18610CD-5562-39AC-AAFB-35CA5C2180AE}.Debug|Win32.Build.0 = Debug|Win32
		{D18610CD-5562-39AC-AAFB-35CA5C2180AE}.Release|Win32.ActiveCfg = Release|Win32
		{D18610CD-5562-39AC-AAFB-35CA5C2180AE}.Release|Win32.Build.0 = Release|Win32
		{D18610CD-5562-39AC-AAFB-35CA5C2180AE}.MinSizeRel|Win32.ActiveCfg = MinSizeRel|Win32
		{D18610CD-5562-39AC-AAFB-35CA5C2180AE}.MinSizeRel|Win32.Build.0 = MinSizeRel|Win32
		{D18610CD-5562-39AC-AAFB-35CA5C2180AE}.RelWithDebInfo|Win32.ActiveCfg = RelWithDebInfo|Win32
		{D18610CD-5562-39AC-AAFB-35CA5C2180AE}.RelWithDebInfo|Win32.Build.0 = RelWithDebInfo|Win32
	EndGlobalSection
	GlobalSection(NestedProjects) = preSolution
		{118B2B13-53DF-3BC8-81DA-AEDF8F28A7F6} = {56E8425C-5DC3-3814-B754-C46E7736D734}
		{FD2AFE66-F06C-363C-9F8A-97931FC027C3} = {56E8425C-5DC3-3814-B754-C46E7736D734}
		{6FF21518-3535-33BA-800E-B3257F5065D9} = {695A8ED0-9541-38BD-AB71-06758124455F}
		{55440390-D98F-3D1E-9B46-BA6B289E881F} = {695A8ED0-9541-38BD-AB71-06758124455F}
		{32061227-BC25-3A25-BC94-FFDAF5BD194D} = {695A8ED0-9541-38BD-AB71-06758124455F}
		{D90FAF24-9D42-3DBE-81CC-3D5BC2CADCDD} = {695A8ED0-9541-38BD-AB71-06758124455F}
		{280FB4B9-FFB0-3C12-B25C-2ADECE293E2D} = {695A8ED0-9541-38BD-AB71-06758124455F}
		{0B85C4C5-1E8C-378C-9599-25BA28AE07B7} = {695A8ED0-9541-38BD-AB71-06758124455F}
		{429040B9-6E7D-3F95-877D-1947DD96C569} = {695A8ED0-9541-38BD-AB71-06758124455F}
		{BE5C7956-3B94-3389-9B6F-74EB7EBBCFDD} = {695A8ED0-9541-38BD-AB71-06758124455F}
		{54D2B5AD-1389-3DE4-B347-BA46F52A01ED} = {695A8ED0-9541-38BD-AB71-06758124455F}
		{58D53405-6964-3844-B02D-A04DF115F979} = {695A8ED0-9541-38BD-AB71-06758124455F}
		{D18610CD-5562-39AC-AAFB-35CA5C2180AE} = {695A8ED0-9541-38BD-AB71-06758124455F}
		{3ABD15CD-16B9-3A42-9F34-95C7377D782B} = {88FC62A1-AB70-3BBB-8003-7FF660910145}
		{1FF3BB55-C68F-3A4F-B37A-530FCADB16B7} = {6606EB03-7142-31FE-A413-FB9A9172A369}
	EndGlobalSection
	GlobalSection(ExtensibilityGlobals) = postSolution
		SolutionGuid = {4FF5DAF4-6E54-389E-809F-2F7784672C0C}
	EndGlobalSection
	GlobalSection(ExtensibilityAddIns) = postSolution
	EndGlobalSection
EndGlobal
